{
  "name": "terminaljs-ndo",
  "version": "0.0.1",
  "lockfileVersion": 1,
  "requires": true,
  "dependencies": {
    "terminal.js": {
      "version": "1.0.10",
      "resolved": "https://bricks.syzygy.de/artifactory/api/npm/npm/terminal.js/-/terminal.js-1.0.10.tgz",
      "integrity": "sha1-j6reJpnoVIdKQwFlkP31tdNPw8A="
    }
  }
}
